
Microsoft Visual Studio Solution File, Format Version 12.00
# Visual Studio 15
VisualStudioVersion = 15.0.26228.10
MinimumVisualStudioVersion = 10.0.40219.1
Project("{FAE04EC0-301F-11D3-BF4B-00C04F79EFBC}") = "ColorsViewer.Views", "ColorsViewer.Views\ColorsViewer.Views.csproj", "{16B54588-5042-40E1-87B6-7B34785381C4}"
EndProject
Project("{FAE04EC0-301F-11D3-BF4B-00C04F79EFBC}") = "ColorsViewer.ViewModels", "ColorsViewer.ViewModels\ColorsViewer.ViewModels.csproj", "{29503A68-F3E3-4507-AB40-ED7F24C44EC6}"
EndProject
Project("{FAE04EC0-301F-11D3-BF4B-00C04F79EFBC}") = "ColorsViewer.Models", "ColorsViewer.Models\ColorsViewer.Models.csproj", "{50158D83-87F8-41CF-B645-226DDCFD7E44}"
EndProject
Global
	GlobalSection(SolutionConfigurationPlatforms) = preSolution
		Debug|Any CPU = Debug|Any CPU
		Release|Any CPU = Release|Any CPU
	EndGlobalSection
	GlobalSection(ProjectConfigurationPlatforms) = postSolution
		{16B54588-5042-40E1-87B6-7B34785381C4}.Debug|Any CPU.ActiveCfg = Debug|Any CPU
		{16B54588-5042-40E1-87B6-7B34785381C4}.Debug|Any CPU.Build.0 = Debug|Any CPU
		{16B54588-5042-40E1-87B6-7B34785381C4}.Release|Any CPU.ActiveCfg = Release|Any CPU
		{16B54588-5042-40E1-87B6-7B34785381C4}.Release|Any CPU.Build.0 = Release|Any CPU
		{29503A68-F3E3-4507-AB40-ED7F24C44EC6}.Debug|Any CPU.ActiveCfg = Debug|Any CPU
		{29503A68-F3E3-4507-AB40-ED7F24C44EC6}.Debug|Any CPU.Build.0 = Debug|Any CPU
		{29503A68-F3E3-4507-AB40-ED7F24C44EC6}.Release|Any CPU.ActiveCfg = Release|Any CPU
		{29503A68-F3E3-4507-AB40-ED7F24C44EC6}.Release|Any CPU.Build.0 = Release|Any CPU
		{50158D83-87F8-41CF-B645-226DDCFD7E44}.Debug|Any CPU.ActiveCfg = Debug|Any CPU
		{50158D83-87F8-41CF-B645-226DDCFD7E44}.Debug|Any CPU.Build.0 = Debug|Any CPU
		{50158D83-87F8-41CF-B645-226DDCFD7E44}.Release|Any CPU.ActiveCfg = Release|Any CPU
		{50158D83-87F8-41CF-B645-226DDCFD7E44}.Release|Any CPU.Build.0 = Release|Any CPU
	EndGlobalSection
	GlobalSection(SolutionProperties) = preSolution
		HideSolutionNode = FALSE
	EndGlobalSection
EndGlobal
